
Microsoft Visual Studio Solution File, Format Version 12.00
# Visual Studio Version 16
VisualStudioVersion = 16.0.32002.261
MinimumVisualStudioVersion = 10.0.40219.1
Project("{FAE04EC0-301F-11D3-BF4B-00C04F79EFBC}") = "GunClubVR_bhaptics", "GunClubVR_bhaptics.csproj", "{2E2DC6A5-FEC7-4C54-9E6D-9C446AC01C29}"
EndProject
Global
	GlobalSection(SolutionConfigurationPlatforms) = preSolution
		Debug|Any CPU = Debug|Any CPU
		Release|Any CPU = Release|Any CPU
	EndGlobalSection
	GlobalSection(ProjectConfigurationPlatforms) = postSolution
		{2E2DC6A5-FEC7-4C54-9E6D-9C446AC01C29}.Debug|Any CPU.ActiveCfg = Debug|Any CPU
		{2E2DC6A5-FEC7-4C54-9E6D-9C446AC01C29}.Debug|Any CPU.Build.0 = Debug|Any CPU
		{2E2DC6A5-FEC7-4C54-9E6D-9C446AC01C29}.Release|Any CPU.ActiveCfg = Release|Any CPU
		{2E2DC6A5-FEC7-4C54-9E6D-9C446AC01C29}.Release|Any CPU.Build.0 = Release|Any CPU
	EndGlobalSection
	GlobalSection(SolutionProperties) = preSolution
		HideSolutionNode = FALSE
	EndGlobalSection
	GlobalSection(ExtensibilityGlobals) = postSolution
		SolutionGuid = {E2718812-99B0-48EB-A5A3-31C42112A760}
	EndGlobalSection
EndGlobal
