
Microsoft Visual Studio Solution File, Format Version 12.00
# Visual Studio 15
VisualStudioVersion = 15.0.26730.16
MinimumVisualStudioVersion = 10.0.40219.1
Project("{FAE04EC0-301F-11D3-BF4B-00C04F79EFBC}") = "TactsuitAlyx", "TactsuitAlyx\TactsuitAlyx.csproj", "{CFAFE333-4B28-43F6-8875-EC9CFDAB4FFC}"
EndProject
Global
	GlobalSection(SolutionConfigurationPlatforms) = preSolution
		Debug|Any CPU = Debug|Any CPU
		Release|Any CPU = Release|Any CPU
	EndGlobalSection
	GlobalSection(ProjectConfigurationPlatforms) = postSolution
		{CFAFE333-4B28-43F6-8875-EC9CFDAB4FFC}.Debug|Any CPU.ActiveCfg = Debug|Any CPU
		{CFAFE333-4B28-43F6-8875-EC9CFDAB4FFC}.Debug|Any CPU.Build.0 = Debug|Any CPU
		{CFAFE333-4B28-43F6-8875-EC9CFDAB4FFC}.Release|Any CPU.ActiveCfg = Release|Any CPU
		{CFAFE333-4B28-43F6-8875-EC9CFDAB4FFC}.Release|Any CPU.Build.0 = Release|Any CPU
	EndGlobalSection
	GlobalSection(SolutionProperties) = preSolution
		HideSolutionNode = FALSE
	EndGlobalSection
	GlobalSection(ExtensibilityGlobals) = postSolution
		SolutionGuid = {6C0B5029-4759-4898-8504-CB7065166F70}
	EndGlobalSection
EndGlobal
