
Microsoft Visual Studio Solution File, Format Version 12.00
# Visual Studio Version 16
VisualStudioVersion = 16.0.32602.291
MinimumVisualStudioVersion = 10.0.40219.1
Project("{FAE04EC0-301F-11D3-BF4B-00C04F79EFBC}") = "ParadoxOfHope_bhaptics", "ParadoxOfHope_bhaptics.csproj", "{2DB11A18-3326-41E3-BDF3-9F5F10061705}"
EndProject
Global
	GlobalSection(SolutionConfigurationPlatforms) = preSolution
		Debug|Any CPU = Debug|Any CPU
		Release|Any CPU = Release|Any CPU
	EndGlobalSection
	GlobalSection(ProjectConfigurationPlatforms) = postSolution
		{2DB11A18-3326-41E3-BDF3-9F5F10061705}.Debug|Any CPU.ActiveCfg = Debug|Any CPU
		{2DB11A18-3326-41E3-BDF3-9F5F10061705}.Debug|Any CPU.Build.0 = Debug|Any CPU
		{2DB11A18-3326-41E3-BDF3-9F5F10061705}.Release|Any CPU.ActiveCfg = Release|Any CPU
		{2DB11A18-3326-41E3-BDF3-9F5F10061705}.Release|Any CPU.Build.0 = Release|Any CPU
	EndGlobalSection
	GlobalSection(SolutionProperties) = preSolution
		HideSolutionNode = FALSE
	EndGlobalSection
	GlobalSection(ExtensibilityGlobals) = postSolution
		SolutionGuid = {4D2D4D75-ED2B-40DC-948E-BDE83377652B}
	EndGlobalSection
EndGlobal
