
Microsoft Visual Studio Solution File, Format Version 12.00
# Visual Studio Version 16
VisualStudioVersion = 16.0.29609.76
MinimumVisualStudioVersion = 10.0.40219.1
Project("{FAE04EC0-301F-11D3-BF4B-00C04F79EFBC}") = "HalfLifeAlyxEventDetector", "HalfLifeAlyxEventDetector\HalfLifeAlyxEventDetector.csproj", "{6C88D3F7-99A3-4A04-BDD1-4C4738F08FDC}"
EndProject
Global
	GlobalSection(SolutionConfigurationPlatforms) = preSolution
		Debug|Any CPU = Debug|Any CPU
		Release|Any CPU = Release|Any CPU
	EndGlobalSection
	GlobalSection(ProjectConfigurationPlatforms) = postSolution
		{6C88D3F7-99A3-4A04-BDD1-4C4738F08FDC}.Debug|Any CPU.ActiveCfg = Debug|Any CPU
		{6C88D3F7-99A3-4A04-BDD1-4C4738F08FDC}.Debug|Any CPU.Build.0 = Debug|Any CPU
		{6C88D3F7-99A3-4A04-BDD1-4C4738F08FDC}.Release|Any CPU.ActiveCfg = Release|Any CPU
		{6C88D3F7-99A3-4A04-BDD1-4C4738F08FDC}.Release|Any CPU.Build.0 = Release|Any CPU
	EndGlobalSection
	GlobalSection(SolutionProperties) = preSolution
		HideSolutionNode = FALSE
	EndGlobalSection
	GlobalSection(ExtensibilityGlobals) = postSolution
		SolutionGuid = {D0DB269A-966E-4446-97D2-546CFE025C5A}
	EndGlobalSection
EndGlobal
